
Microsoft Visual Studio Solution File, Format Version 12.00
# Visual Studio Version 17
VisualStudioVersion = 17.5.33502.453
MinimumVisualStudioVersion = 10.0.40219.1
Project("{9A19103F-16F7-4668-BE54-9A1E7A4F7556}") = "217ContainsDuplicate", "217ContainsDuplicate\217ContainsDuplicate.csproj", "{4EF9065E-FD39-4502-9429-44118B75C0B2}"
EndProject
Project("{9A19103F-16F7-4668-BE54-9A1E7A4F7556}") = "242ValidAnagram", "242ValidAnagram\242ValidAnagram.csproj", "{B7E3BB58-91F1-4BA3-865B-DAA87EA4F064}"
EndProject
Project("{9A19103F-16F7-4668-BE54-9A1E7A4F7556}") = "1TwoSum", "1TwoSum\1TwoSum.csproj", "{313F2285-AC22-47FE-9144-216D1EC92546}"
EndProject
Project("{9A19103F-16F7-4668-BE54-9A1E7A4F7556}") = "49GroupAnagrams", "49GroupAnagrams\49GroupAnagrams.csproj", "{54B37018-4E4B-459B-A44B-51D5E1B4380D}"
EndProject
Project("{9A19103F-16F7-4668-BE54-9A1E7A4F7556}") = "347TopKFrequentElements", "347TopKFrequentElements\347TopKFrequentElements.csproj", "{2E0B64E2-A46B-43EC-8BF9-52DBF9E9C11A}"
EndProject
Project("{9A19103F-16F7-4668-BE54-9A1E7A4F7556}") = "238ProductOfArrayExceptSelf", "238ProductOfArrayExceptSelf\238ProductOfArrayExceptSelf.csproj", "{63B500D5-9B34-4DF0-B8FB-8441A46C74D2}"
EndProject
Project("{FAE04EC0-301F-11D3-BF4B-00C04F79EFBC}") = "36ValidSudoku", "36ValidSudoku\36ValidSudoku.csproj", "{67A8CC1A-67D9-42D8-8310-4A3565DE68D9}"
EndProject
Global
	GlobalSection(SolutionConfigurationPlatforms) = preSolution
		Debug|Any CPU = Debug|Any CPU
		Release|Any CPU = Release|Any CPU
	EndGlobalSection
	GlobalSection(ProjectConfigurationPlatforms) = postSolution
		{4EF9065E-FD39-4502-9429-44118B75C0B2}.Debug|Any CPU.ActiveCfg = Debug|Any CPU
		{4EF9065E-FD39-4502-9429-44118B75C0B2}.Debug|Any CPU.Build.0 = Debug|Any CPU
		{4EF9065E-FD39-4502-9429-44118B75C0B2}.Release|Any CPU.ActiveCfg = Release|Any CPU
		{4EF9065E-FD39-4502-9429-44118B75C0B2}.Release|Any CPU.Build.0 = Release|Any CPU
		{B7E3BB58-91F1-4BA3-865B-DAA87EA4F064}.Debug|Any CPU.ActiveCfg = Debug|Any CPU
		{B7E3BB58-91F1-4BA3-865B-DAA87EA4F064}.Debug|Any CPU.Build.0 = Debug|Any CPU
		{B7E3BB58-91F1-4BA3-865B-DAA87EA4F064}.Release|Any CPU.ActiveCfg = Release|Any CPU
		{B7E3BB58-91F1-4BA3-865B-DAA87EA4F064}.Release|Any CPU.Build.0 = Release|Any CPU
		{313F2285-AC22-47FE-9144-216D1EC92546}.Debug|Any CPU.ActiveCfg = Debug|Any CPU
		{313F2285-AC22-47FE-9144-216D1EC92546}.Debug|Any CPU.Build.0 = Debug|Any CPU
		{313F2285-AC22-47FE-9144-216D1EC92546}.Release|Any CPU.ActiveCfg = Release|Any CPU
		{313F2285-AC22-47FE-9144-216D1EC92546}.Release|Any CPU.Build.0 = Release|Any CPU
		{54B37018-4E4B-459B-A44B-51D5E1B4380D}.Debug|Any CPU.ActiveCfg = Debug|Any CPU
		{54B37018-4E4B-459B-A44B-51D5E1B4380D}.Debug|Any CPU.Build.0 = Debug|Any CPU
		{54B37018-4E4B-459B-A44B-51D5E1B4380D}.Release|Any CPU.ActiveCfg = Release|Any CPU
		{54B37018-4E4B-459B-A44B-51D5E1B4380D}.Release|Any CPU.Build.0 = Release|Any CPU
		{2E0B64E2-A46B-43EC-8BF9-52DBF9E9C11A}.Debug|Any CPU.ActiveCfg = Debug|Any CPU
		{2E0B64E2-A46B-43EC-8BF9-52DBF9E9C11A}.Debug|Any CPU.Build.0 = Debug|Any CPU
		{2E0B64E2-A46B-43EC-8BF9-52DBF9E9C11A}.Release|Any CPU.ActiveCfg = Release|Any CPU
		{2E0B64E2-A46B-43EC-8BF9-52DBF9E9C11A}.Release|Any CPU.Build.0 = Release|Any CPU
		{63B500D5-9B34-4DF0-B8FB-8441A46C74D2}.Debug|Any CPU.ActiveCfg = Debug|Any CPU
		{63B500D5-9B34-4DF0-B8FB-8441A46C74D2}.Debug|Any CPU.Build.0 = Debug|Any CPU
		{63B500D5-9B34-4DF0-B8FB-8441A46C74D2}.Release|Any CPU.ActiveCfg = Release|Any CPU
		{63B500D5-9B34-4DF0-B8FB-8441A46C74D2}.Release|Any CPU.Build.0 = Release|Any CPU
		{67A8CC1A-67D9-42D8-8310-4A3565DE68D9}.Debug|Any CPU.ActiveCfg = Debug|Any CPU
		{67A8CC1A-67D9-42D8-8310-4A3565DE68D9}.Debug|Any CPU.Build.0 = Debug|Any CPU
		{67A8CC1A-67D9-42D8-8310-4A3565DE68D9}.Release|Any CPU.ActiveCfg = Release|Any CPU
		{67A8CC1A-67D9-42D8-8310-4A3565DE68D9}.Release|Any CPU.Build.0 = Release|Any CPU
	EndGlobalSection
	GlobalSection(SolutionProperties) = preSolution
		HideSolutionNode = FALSE
	EndGlobalSection
	GlobalSection(ExtensibilityGlobals) = postSolution
		SolutionGuid = {CA67FCC7-B755-42EA-8EE5-B282936CCD34}
	EndGlobalSection
EndGlobal
